
Microsoft Visual Studio Solution File, Format Version 12.00
# Visual Studio Version 17
VisualStudioVersion = 17.7.34221.43
MinimumVisualStudioVersion = 10.0.40219.1
Project("{FAE04EC0-301F-11D3-BF4B-00C04F79EFBC}") = "SchoolOopsLib", "SchoolOopsLib\SchoolOopsLib.csproj", "{3FC4C1C0-1818-4FEB-9749-87181A1DDA40}"
EndProject
Project("{FAE04EC0-301F-11D3-BF4B-00C04F79EFBC}") = "NUnitTests02", "NUnitTests02\NUnitTests02.csproj", "{4793A873-0171-43E7-8C97-78705A8DC4BE}"
EndProject
Global
	GlobalSection(SolutionConfigurationPlatforms) = preSolution
		Debug|Any CPU = Debug|Any CPU
		Release|Any CPU = Release|Any CPU
	EndGlobalSection
	GlobalSection(ProjectConfigurationPlatforms) = postSolution
		{3FC4C1C0-1818-4FEB-9749-87181A1DDA40}.Debug|Any CPU.ActiveCfg = Debug|Any CPU
		{3FC4C1C0-1818-4FEB-9749-87181A1DDA40}.Debug|Any CPU.Build.0 = Debug|Any CPU
		{3FC4C1C0-1818-4FEB-9749-87181A1DDA40}.Release|Any CPU.ActiveCfg = Release|Any CPU
		{3FC4C1C0-1818-4FEB-9749-87181A1DDA40}.Release|Any CPU.Build.0 = Release|Any CPU
		{4793A873-0171-43E7-8C97-78705A8DC4BE}.Debug|Any CPU.ActiveCfg = Debug|Any CPU
		{4793A873-0171-43E7-8C97-78705A8DC4BE}.Debug|Any CPU.Build.0 = Debug|Any CPU
		{4793A873-0171-43E7-8C97-78705A8DC4BE}.Release|Any CPU.ActiveCfg = Release|Any CPU
		{4793A873-0171-43E7-8C97-78705A8DC4BE}.Release|Any CPU.Build.0 = Release|Any CPU
	EndGlobalSection
	GlobalSection(SolutionProperties) = preSolution
		HideSolutionNode = FALSE
	EndGlobalSection
	GlobalSection(ExtensibilityGlobals) = postSolution
		SolutionGuid = {5F485BCF-913F-47D3-8B24-520D6A588276}
	EndGlobalSection
EndGlobal
